[[package]]
name = "appdirs"
version = "1.4.3"
description = "A small Python module for determining appropriate platform-specific dirs, e.g. a \"user data dir\"."
category = "main"
optional = false
python-versions = "*"

[[package]]
name = "argh"
version = "0.26.2"
description = "An unobtrusive argparse wrapper with natural syntax"
category = "main"
optional = false
python-versions = "*"

[[package]]
name = "colorama"
version = "0.3.9"
description = "Cross-platform colored terminal text."
category = "main"
optional = false
python-versions = "*"

[[package]]
name = "coverage"
version = "4.3.4"
description = "Code coverage measurement for Python"
category = "main"
optional = false
python-versions = "*"

[[package]]
name = "nose"
version = "1.3.7"
description = "nose extends unittest to make testing easier"
category = "main"
optional = false
python-versions = "*"

[[package]]
name = "nose-watch"
version = "0.9.1"
description = "A nose plugin that re-runs test suite on filesystem event."
category = "main"
optional = false
python-versions = "*"

[package.dependencies]
watchdog = ">=0.6"

[[package]]
name = "packaging"
version = "16.8"
description = "Core utilities for Python packages"
category = "main"
optional = false
python-versions = "*"

[package.dependencies]
pyparsing = "*"
six = "*"

[[package]]
name = "pathtools"
version = "0.1.2"
description = "File system general utilities"
category = "main"
optional = false
python-versions = "*"

[[package]]
name = "pyparsing"
version = "2.2.0"
description = "Python parsing module"
category = "main"
optional = false
python-versions = "*"

[[package]]
name = "pyyaml"
version = "5.4"
description = "YAML parser and emitter for Python"
category = "main"
optional = false
python-versions = ">=2.7, !=3.0.*, !=3.1.*, !=3.2.*, !=3.3.*, !=3.4.*, !=3.5.*"

[[package]]
name = "rednose"
version = "1.2.2"
description = "coloured output for nosetests"
category = "main"
optional = false
python-versions = "*"

[package.dependencies]
colorama = "*"
setuptools = "*"
termstyle = ">=0.1.7"

[[package]]
name = "setuptools"
version = "67.8.0"
description = "Easily download, build, install, upgrade, and uninstall Python packages"
category = "main"
optional = false
python-versions = ">=3.7"

[package.extras]
docs = ["furo", "jaraco.packaging (>=9)", "jaraco.tidelift (>=1.4)", "pygments-github-lexers (==0.0.5)", "rst.linker (>=1.9)", "sphinx (>=3.5)", "sphinx-favicon", "sphinx-hoverxref (<2)", "sphinx-inline-tabs", "sphinx-lint", "sphinx-notfound-page (==0.8.3)", "sphinx-reredirects", "sphinxcontrib-towncrier"]
testing = ["build[virtualenv]", "filelock (>=3.4.0)", "flake8-2020", "ini2toml[lite] (>=0.9)", "jaraco.envs (>=2.2)", "jaraco.path (>=3.2.0)", "pip (>=19.1)", "pip-run (>=8.8)", "pytest (>=6)", "pytest-black (>=0.3.7)", "pytest-checkdocs (>=2.4)", "pytest-cov", "pytest-enabler (>=1.3)", "pytest-mypy (>=0.9.1)", "pytest-perf", "pytest-ruff", "pytest-timeout", "pytest-xdist", "tomli-w (>=1.0.0)", "virtualenv (>=13.0.0)", "wheel"]
testing-integration = ["build[virtualenv]", "filelock (>=3.4.0)", "jaraco.envs (>=2.2)", "jaraco.path (>=3.2.0)", "pytest", "pytest-enabler", "pytest-xdist", "tomli", "virtualenv (>=13.0.0)", "wheel"]

[[package]]
name = "six"
version = "1.10.0"
description = "Python 2 and 3 compatibility utilities"
category = "main"
optional = false
python-versions = "*"

[[package]]
name = "termstyle"
version = "0.1.11"
description = "console colouring for python"
category = "main"
optional = false
python-versions = "*"

[package.dependencies]
setuptools = "*"

[[package]]
name = "watchdog"
version = "0.8.3"
description = "Filesystem events monitoring"
category = "main"
optional = false
python-versions = "*"

[package.dependencies]
argh = ">=0.24.1"
pathtools = ">=0.1.1"
PyYAML = ">=3.10"

[metadata]
lock-version = "1.1"
python-versions = "^3.9"
content-hash = "f8e0eabaf672bfe9aa7408150c9f5b38353016bfe558b887485279383223d356"

[metadata.files]
appdirs = [
    {file = "appdirs-1.4.3-py2.py3-none-any.whl", hash = "sha256:d8b24664561d0d34ddfaec54636d502d7cea6e29c3eaf68f3df6180863e2166e"},
    {file = "appdirs-1.4.3.tar.gz", hash = "sha256:9e5896d1372858f8dd3344faf4e5014d21849c756c8d5701f78f8a103b372d92"},
]
argh = [
    {file = "argh-0.26.2-py2.py3-none-any.whl", hash = "sha256:a9b3aaa1904eeb78e32394cd46c6f37ac0fb4af6dc488daa58971bdc7d7fcaf3"},
    {file = "argh-0.26.2.tar.gz", hash = "sha256:e9535b8c84dc9571a48999094fda7f33e63c3f1b74f3e5f3ac0105a58405bb65"},
]
colorama = [
    {file = "colorama-0.3.9-py2.py3-none-any.whl", hash = "sha256:463f8483208e921368c9f306094eb6f725c6ca42b0f97e313cb5d5512459feda"},
    {file = "colorama-0.3.9.tar.gz", hash = "sha256:48eb22f4f8461b1df5734a074b57042430fb06e1d61bd1e11b078c0fe6d7a1f1"},
]
coverage = [
    {file = "coverage-4.3.4-cp26-cp26m-macosx_10_10_x86_64.whl", hash = "sha256:e1fb21a807aa0b5cc79806d8ef09078acaa83f994e15f0f7277489ca8eda51b7"},
    {file = "coverage-4.3.4-cp26-cp26m-manylinux1_i686.whl", hash = "sha256:8a82664931a071399d703d65af2521e2202b34f2d8db20fa22a922fec0339022"},
    {file = "coverage-4.3.4-cp26-cp26m-manylinux1_x86_64.whl", hash = "sha256:024682371464c6e3caa975aba12b4d5428f35613489340fce1334c74d590a057"},
    {file = "coverage-4.3.4-cp26-cp26m-win32.whl", hash = "sha256:a791068e1bbe443fcd3179b1c180c27a7fc58c1554b0d10311b7659d2d2d76f5"},
    {file = "coverage-4.3.4-cp26-cp26m-win_amd64.whl", hash = "sha256:adfbbd4a1d22fd77b13ff992946b19873407e035504abe9ba537494fe013300f"},
    {file = "coverage-4.3.4-cp26-cp26mu-manylinux1_i686.whl", hash = "sha256:1d23dea598fb4d61a8577d0eb0cb2b7932db0c8d2e1394088ad5f64e3fe1febf"},
    {file = "coverage-4.3.4-cp26-cp26mu-manylinux1_x86_64.whl", hash = "sha256:4fa2b181c3bf94cfdf841148d5d9abcab1890188dd908a639bcf7a38c50092bc"},
    {file = "coverage-4.3.4-cp27-cp27m-macosx_10_10_intel.whl", hash = "sha256:c736faa1688222a6c8a5d8be4b66ec373ad6dab27fced8ca0d2c80fed70ac6e3"},
    {file = "coverage-4.3.4-cp27-cp27m-macosx_10_10_x86_64.whl", hash = "sha256:36407249a0b6669c6ad4425b0f29685579df745480c03afa70f101f09f4eead3"},
    {file = "coverage-4.3.4-cp27-cp27m-manylinux1_i686.whl", hash = "sha256:229ab9c0d53c55d698b8784d53077bef7a5f1fb5d27e90dc7b6f91243b024513"},
    {file = "coverage-4.3.4-cp27-cp27m-manylinux1_x86_64.whl", hash = "sha256:f99066d76274800145a2e658026b30962eb5079346249197e88b55c9a7855e6a"},
    {file = "coverage-4.3.4-cp27-cp27m-win32.whl", hash = "sha256:9c3e6551597593c1afedcbccf1371995f94457aea82cac726d1f3a25f4507386"},
    {file = "coverage-4.3.4-cp27-cp27m-win_amd64.whl", hash = "sha256:6d3c762c87062a29771015f942752caef42fcc7fe4be2b03186f96788242290c"},
    {file = "coverage-4.3.4-cp27-cp27mu-manylinux1_i686.whl", hash = "sha256:f27772c9ee88ed3f2a784181f3d1724561499e7e448ed1706153336baa706bd5"},
    {file = "coverage-4.3.4-cp27-cp27mu-manylinux1_x86_64.whl", hash = "sha256:ca36d83cd591d027952e5019149c4386e7058cd674bf8cb52dc622f768d689e9"},
    {file = "coverage-4.3.4-cp33-cp33m-macosx_10_10_x86_64.whl", hash = "sha256:6ae76a6cd594107ad45525278e8addeae4628a59c8cde3999548d7fe1646465b"},
    {file = "coverage-4.3.4-cp33-cp33m-manylinux1_i686.whl", hash = "sha256:07c15c4a2287116a41d5966f1f5a7be765640c2e5a1917f882850a24615db6d3"},
    {file = "coverage-4.3.4-cp33-cp33m-manylinux1_x86_64.whl", hash = "sha256:2f959bc1b40a3ef2c5f0c7bc282226d6d4bd585b239bcce321013afc18ff0a0f"},
    {file = "coverage-4.3.4-cp34-cp34m-macosx_10_10_x86_64.whl", hash = "sha256:ea9808001dcf34d368cbef430e7885fdc76a2cf8ea96a8ed8b653797dd9555bb"},
    {file = "coverage-4.3.4-cp34-cp34m-manylinux1_i686.whl", hash = "sha256:3efa49e3da8f32071ee3d5d464cc6b6f8818524d4099b4a94b86a70b8c88d4f5"},
    {file = "coverage-4.3.4-cp34-cp34m-manylinux1_x86_64.whl", hash = "sha256:adf04843188418b012dd1974e397a7ac3faa1855cbcd69083e3af4da6de9dd81"},
    {file = "coverage-4.3.4-cp34-cp34m-win32.whl", hash = "sha256:1eeb9de833c3b976ee118a8d838af437bfa596bf60a5bf0705f4370e6d181a52"},
    {file = "coverage-4.3.4-cp34-cp34m-win_amd64.whl", hash = "sha256:c12f34c0b50e9e8bf8c049b6c8ca59929c33cea4b1c48362c99c36838c1ee025"},
    {file = "coverage-4.3.4-cp35-cp35m-macosx_10_10_x86_64.whl", hash = "sha256:57c0c217270e628380f4befbbf8c5312b88ba7d81fd3d1b2218a25a2608f603c"},
    {file = "coverage-4.3.4-cp35-cp35m-manylinux1_i686.whl", hash = "sha256:01a07b2b9212d4da3a1294436b58ac53f1d7aa445bda666648a5357048dc7ef3"},
    {file = "coverage-4.3.4-cp35-cp35m-manylinux1_x86_64.whl", hash = "sha256:b25aa3531220faaf1727fc29bc000798476b4a30f429dc07898d5da48caefa15"},
    {file = "coverage-4.3.4-cp35-cp35m-win32.whl", hash = "sha256:01406019418aabb2d4741647cc79b0e0deb0b8c5a6f936936c303e2f82ec8e5b"},
    {file = "coverage-4.3.4-cp35-cp35m-win_amd64.whl", hash = "sha256:e53199ae110cb7e250dd5505fde34452514f4eb2f1fb7532270d2ea037454b09"},
    {file = "coverage-4.3.4-cp36-cp36m-macosx_10_10_x86_64.whl", hash = "sha256:8b282292973a1dc4eccfcc0776e0fde75b5b3de2e35164c2d854f7dd80149e4b"},
    {file = "coverage-4.3.4-cp36-cp36m-manylinux1_i686.whl", hash = "sha256:9a7874ca91cee8714277cd6d1b52374809ab925bf6ae92607bf02509019caadb"},
    {file = "coverage-4.3.4-cp36-cp36m-manylinux1_x86_64.whl", hash = "sha256:2f5a8bf29bdc69976d0913745daab11f8265e46ec41153f5e1e1794088019dad"},
    {file = "coverage-4.3.4-cp36-cp36m-win32.whl", hash = "sha256:fd3373ccd561b79932d12a986674e642816cfc4db4507b6a22ab30c318a85429"},
    {file = "coverage-4.3.4-cp36-cp36m-win_amd64.whl", hash = "sha256:422bcc6270e1c0cd9043048ce244f49072e9bd78a2c028c2ad2cfd58c79f5936"},
    {file = "coverage-4.3.4.tar.gz", hash = "sha256:eaaefe0f6aa33de5a65f48dd0040d7fe08cac9ac6c35a56d0a7db109c3e733df"},
]
nose = [
    {file = "nose-1.3.7-py2-none-any.whl", hash = "sha256:dadcddc0aefbf99eea214e0f1232b94f2fa9bd98fa8353711dacb112bfcbbb2a"},
    {file = "nose-1.3.7-py3-none-any.whl", hash = "sha256:9ff7c6cc443f8c51994b34a667bbcf45afd6d945be7477b52e97516fd17c53ac"},
    {file = "nose-1.3.7.tar.gz", hash = "sha256:f1bffef9cbc82628f6e7d7b40d7e255aefaa1adb6a1b1d26c69a8b79e6208a98"},
]
nose-watch = [
    {file = "nose-watch-0.9.1.tar.gz", hash = "sha256:899e59564651849162b044ecebb0bf44335f729e0586c4d0fcbb79a57b4ad23a"},
]
packaging = [
    {file = "packaging-16.8-py2.py3-none-any.whl", hash = "sha256:99276dc6e3a7851f32027a68f1095cd3f77c148091b092ea867a351811cfe388"},
    {file = "packaging-16.8.tar.gz", hash = "sha256:5d50835fdf0a7edf0b55e311b7c887786504efea1177abd7e69329a8e5ea619e"},
]
pathtools = [
    {file = "pathtools-0.1.2.tar.gz", hash = "sha256:7c35c5421a39bb82e58018febd90e3b6e5db34c5443aaaf742b3f33d4655f1c0"},
]
pyparsing = [
    {file = "pyparsing-2.2.0-py2.py3-none-any.whl", hash = "sha256:fee43f17a9c4087e7ed1605bd6df994c6173c1e977d7ade7b651292fab2bd010"},
    {file = "pyparsing-2.2.0.tar.gz", hash = "sha256:0832bcf47acd283788593e7a0f542407bd9550a55a8a8435214a1960e04bcb04"},
]
pyyaml = [
    {file = "PyYAML-5.4-cp27-cp27m-macosx_10_9_x86_64.whl", hash = "sha256:f7a21e3d99aa3095ef0553e7ceba36fb693998fbb1226f1392ce33681047465f"},
    {file = "PyYAML-5.4-cp27-cp27m-win32.whl", hash = "sha256:52bf0930903818e600ae6c2901f748bc4869c0c406056f679ab9614e5d21a166"},
    {file = "PyYAML-5.4-cp27-cp27m-win_amd64.whl", hash = "sha256:a36a48a51e5471513a5aea920cdad84cbd56d70a5057cca3499a637496ea379c"},
    {file = "PyYAML-5.4-cp27-cp27mu-manylinux1_x86_64.whl", hash = "sha256:5e7ac4e0e79a53451dc2814f6876c2fa6f71452de1498bbe29c0b54b69a986f4"},
    {file = "PyYAML-5.4-cp36-cp36m-macosx_10_9_x86_64.whl", hash = "sha256:cc552b6434b90d9dbed6a4f13339625dc466fd82597119897e9489c953acbc22"},
    {file = "PyYAML-5.4-cp36-cp36m-manylinux1_x86_64.whl", hash = "sha256:0dc9f2eb2e3c97640928dec63fd8dc1dd91e6b6ed236bd5ac00332b99b5c2ff9"},
    {file = "PyYAML-5.4-cp36-cp36m-win32.whl", hash = "sha256:5a3f345acff76cad4aa9cb171ee76c590f37394186325d53d1aa25318b0d4a09"},
    {file = "PyYAML-5.4-cp36-cp36m-win_amd64.whl", hash = "sha256:f3790156c606299ff499ec44db422f66f05a7363b39eb9d5b064f17bd7d7c47b"},
    {file = "PyYAML-5.4-cp37-cp37m-macosx_10_9_x86_64.whl", hash = "sha256:124fd7c7bc1e95b1eafc60825f2daf67c73ce7b33f1194731240d24b0d1bf628"},
    {file = "PyYAML-5.4-cp37-cp37m-manylinux1_x86_64.whl", hash = "sha256:8b818b6c5a920cbe4203b5a6b14256f0e5244338244560da89b7b0f1313ea4b6"},
    {file = "PyYAML-5.4-cp37-cp37m-win32.whl", hash = "sha256:737bd70e454a284d456aa1fa71a0b429dd527bcbf52c5c33f7c8eee81ac16b89"},
    {file = "PyYAML-5.4-cp37-cp37m-win_amd64.whl", hash = "sha256:7242790ab6c20316b8e7bb545be48d7ed36e26bbe279fd56f2c4a12510e60b4b"},
    {file = "PyYAML-5.4-cp38-cp38-macosx_10_9_x86_64.whl", hash = "sha256:cc547d3ead3754712223abb7b403f0a184e4c3eae18c9bb7fd15adef1597cc4b"},
    {file = "PyYAML-5.4-cp38-cp38-manylinux1_x86_64.whl", hash = "sha256:8635d53223b1f561b081ff4adecb828fd484b8efffe542edcfdff471997f7c39"},
    {file = "PyYAML-5.4-cp38-cp38-win32.whl", hash = "sha256:26fcb33776857f4072601502d93e1a619f166c9c00befb52826e7b774efaa9db"},
    {file = "PyYAML-5.4-cp38-cp38-win_amd64.whl", hash = "sha256:b2243dd033fd02c01212ad5c601dafb44fbb293065f430b0d3dbf03f3254d615"},
    {file = "PyYAML-5.4-cp39-cp39-macosx_10_9_x86_64.whl", hash = "sha256:31ba07c54ef4a897758563e3a0fcc60077698df10180abe4b8165d9895c00ebf"},
    {file = "PyYAML-5.4-cp39-cp39-manylinux1_x86_64.whl", hash = "sha256:02c78d77281d8f8d07a255e57abdbf43b02257f59f50cc6b636937d68efa5dd0"},
    {file = "PyYAML-5.4-cp39-cp39-win32.whl", hash = "sha256:fdc6b2cb4b19e431994f25a9160695cc59a4e861710cc6fc97161c5e845fc579"},
    {file = "PyYAML-5.4-cp39-cp39-win_amd64.whl", hash = "sha256:8bf38641b4713d77da19e91f8b5296b832e4db87338d6aeffe422d42f1ca896d"},
    {file = "PyYAML-5.4.tar.gz", hash = "sha256:3c49e39ac034fd64fd576d63bb4db53cda89b362768a67f07749d55f128ac18a"},
]
rednose = [
    {file = "rednose-1.2.2.tar.gz", hash = "sha256:5aec6cde356a32a20271dcb4d24555463dd0e8ca9bf27791ed738999cf77a6cc"},
]
setuptools = [
    {file = "setuptools-67.8.0-py3-none-any.whl", hash = "sha256:5df61bf30bb10c6f756eb19e7c9f3b473051f48db77fddbe06ff2ca307df9a6f"},
    {file = "setuptools-67.8.0.tar.gz", hash = "sha256:62642358adc77ffa87233bc4d2354c4b2682d214048f500964dbe760ccedf102"},
]
six = [
    {file = "six-1.10.0-py2.py3-none-any.whl", hash = "sha256:0ff78c403d9bccf5a425a6d31a12aa6b47f1c21ca4dc2573a7e2f32a97335eb1"},
    {file = "six-1.10.0.tar.gz", hash = "sha256:105f8d68616f8248e24bf0e9372ef04d3cc10104f1980f54d57b2ce73a5ad56a"},
]
termstyle = [
    {file = "termstyle-0.1.11.tar.gz", hash = "sha256:ef74b83698ea014112040cf32b1a093c1ab3d91c4dd18ecc03ec178fd99c9f9f"},
]
watchdog = [
    {file = "watchdog-0.8.3.tar.gz", hash = "sha256:7e65882adb7746039b6f3876ee174952f8eaaa34491ba34333ddf1fe35de4162"},
]
